
Microsoft Visual Studio Solution File, Format Version 12.00
# Visual Studio Version 16
VisualStudioVersion = 16.0.30907.101
MinimumVisualStudioVersion = 10.0.40219.1
Project("{FAE04EC0-301F-11D3-BF4B-00C04F79EFBC}") = "Operazioni", "Operazioni\Operazioni.csproj", "{264B79D3-2207-4EEE-902C-9ECE83A02352}"
EndProject
Project("{FAE04EC0-301F-11D3-BF4B-00C04F79EFBC}") = "OperazioniTests", "OperazioniTests\OperazioniTests.csproj", "{31C0AFC5-A4D9-4B60-BF3A-4D3C104C582D}"
EndProject
Global
	GlobalSection(SolutionConfigurationPlatforms) = preSolution
		Debug|Any CPU = Debug|Any CPU
		Release|Any CPU = Release|Any CPU
	EndGlobalSection
	GlobalSection(ProjectConfigurationPlatforms) = postSolution
		{264B79D3-2207-4EEE-902C-9ECE83A02352}.Debug|Any CPU.ActiveCfg = Debug|Any CPU
		{264B79D3-2207-4EEE-902C-9ECE83A02352}.Debug|Any CPU.Build.0 = Debug|Any CPU
		{264B79D3-2207-4EEE-902C-9ECE83A02352}.Release|Any CPU.ActiveCfg = Release|Any CPU
		{264B79D3-2207-4EEE-902C-9ECE83A02352}.Release|Any CPU.Build.0 = Release|Any CPU
		{31C0AFC5-A4D9-4B60-BF3A-4D3C104C582D}.Debug|Any CPU.ActiveCfg = Debug|Any CPU
		{31C0AFC5-A4D9-4B60-BF3A-4D3C104C582D}.Debug|Any CPU.Build.0 = Debug|Any CPU
		{31C0AFC5-A4D9-4B60-BF3A-4D3C104C582D}.Release|Any CPU.ActiveCfg = Release|Any CPU
		{31C0AFC5-A4D9-4B60-BF3A-4D3C104C582D}.Release|Any CPU.Build.0 = Release|Any CPU
	EndGlobalSection
	GlobalSection(SolutionProperties) = preSolution
		HideSolutionNode = FALSE
	EndGlobalSection
	GlobalSection(ExtensibilityGlobals) = postSolution
		SolutionGuid = {C6FDD332-70CA-43D8-97AE-5D72BF7C2062}
	EndGlobalSection
EndGlobal
